// !$*UTF8*$!
{
	archiveVersion = 1;
	classes = {
	};
	objectVersion = 51;
	objects = {

/* Begin PBXBuildFile section */
		8F07FD72231F7CFF00DC3634 /* LoginModel.swift in Sources */ = {isa = PBXBuildFile; fileRef = 8F07FD71231F7CFF00DC3634 /* LoginModel.swift */; };
		8F07FD74231F7D3C00DC3634 /* LoginVM.swift in Sources */ = {isa = PBXBuildFile; fileRef = 8F07FD73231F7D3C00DC3634 /* LoginVM.swift */; };
		8F07FD76231FF8FE00DC3634 /* CustomTextField.swift in Sources */ = {isa = PBXBuildFile; fileRef = 8F07FD75231FF8FE00DC3634 /* CustomTextField.swift */; };
		8F07FD78231FF93300DC3634 /* Extension+String.swift in Sources */ = {isa = PBXBuildFile; fileRef = 8F07FD77231FF93300DC3634 /* Extension+String.swift */; };
		8F07FD7A2320077400DC3634 /* BaseCVC.swift in Sources */ = {isa = PBXBuildFile; fileRef = 8F07FD792320077400DC3634 /* BaseCVC.swift */; };
		8F07FD7C2320079700DC3634 /* OnBoardingCVC.swift in Sources */ = {isa = PBXBuildFile; fileRef = 8F07FD7B2320079700DC3634 /* OnBoardingCVC.swift */; };
		8F1063752320D052001330AB /* OnBoardingVM.swift in Sources */ = {isa = PBXBuildFile; fileRef = 8F1063742320D052001330AB /* OnBoardingVM.swift */; };
		8F1063772320D07A001330AB /* OnBoardingModel.swift in Sources */ = {isa = PBXBuildFile; fileRef = 8F1063762320D07A001330AB /* OnBoardingModel.swift */; };
		8F131B81231E7E3200509249 /* AppDelegate.swift in Sources */ = {isa = PBXBuildFile; fileRef = 8F131B80231E7E3200509249 /* AppDelegate.swift */; };
		8F131B83231E7E3200509249 /* OnBoardingVC.swift in Sources */ = {isa = PBXBuildFile; fileRef = 8F131B82231E7E3200509249 /* OnBoardingVC.swift */; };
		8F131B88231E7E3300509249 /* Assets.xcassets in Resources */ = {isa = PBXBuildFile; fileRef = 8F131B87231E7E3300509249 /* Assets.xcassets */; };
		8F131B8B231E7E3300509249 /* LaunchScreen.storyboard in Resources */ = {isa = PBXBuildFile; fileRef = 8F131B89231E7E3300509249 /* LaunchScreen.storyboard */; };
		8F131B95231E808E00509249 /* BaseVC.swift in Sources */ = {isa = PBXBuildFile; fileRef = 8F131B94231E808E00509249 /* BaseVC.swift */; };
		8F131B9B231E849000509249 /* Login.storyboard in Resources */ = {isa = PBXBuildFile; fileRef = 8F131B9A231E849000509249 /* Login.storyboard */; };
		8F131B9D231E853500509249 /* LoginVC.swift in Sources */ = {isa = PBXBuildFile; fileRef = 8F131B9C231E853500509249 /* LoginVC.swift */; };
		8F131BA3231E85B900509249 /* ProfileVC.swift in Sources */ = {isa = PBXBuildFile; fileRef = 8F131BA2231E85B900509249 /* ProfileVC.swift */; };
		8F131BAB231E92AB00509249 /* HomeVC.swift in Sources */ = {isa = PBXBuildFile; fileRef = 8F131BAA231E92AB00509249 /* HomeVC.swift */; };
		8F131BB2231E9B4700509249 /* AdminDevice.storyboard in Resources */ = {isa = PBXBuildFile; fileRef = 8F131BB1231E9B4700509249 /* AdminDevice.storyboard */; };
		8F7271F0232617CE0030519A /* CurrentDevicesCell.swift in Sources */ = {isa = PBXBuildFile; fileRef = 8F7271EC232617CD0030519A /* CurrentDevicesCell.swift */; };
		8F7271F1232617CE0030519A /* LogoutCell.swift in Sources */ = {isa = PBXBuildFile; fileRef = 8F7271ED232617CE0030519A /* LogoutCell.swift */; };
		8F7271F2232617CE0030519A /* ProfileImageCell.swift in Sources */ = {isa = PBXBuildFile; fileRef = 8F7271EE232617CE0030519A /* ProfileImageCell.swift */; };
		8F7271F3232617CE0030519A /* NotificationPreferencesCell.swift in Sources */ = {isa = PBXBuildFile; fileRef = 8F7271EF232617CE0030519A /* NotificationPreferencesCell.swift */; };
		8F7271F5232618230030519A /* Dashboard.storyboard in Resources */ = {isa = PBXBuildFile; fileRef = 8F7271F4232618230030519A /* Dashboard.storyboard */; };
		8F7271F723263A050030519A /* Main.storyboard in Resources */ = {isa = PBXBuildFile; fileRef = 8F7271F623263A050030519A /* Main.storyboard */; };
		8F7271FF23264D410030519A /* HomeCell.swift in Sources */ = {isa = PBXBuildFile; fileRef = 8F7271FE23264D410030519A /* HomeCell.swift */; };
		8F72720123265A7E0030519A /* ProfileTVCell.swift in Sources */ = {isa = PBXBuildFile; fileRef = 8F72720023265A7E0030519A /* ProfileTVCell.swift */; };
		8F73310F231E9B8D009D3083 /* AdminEmployee.storyboard in Resources */ = {isa = PBXBuildFile; fileRef = 8F73310E231E9B8D009D3083 /* AdminEmployee.storyboard */; };
		8F733111231E9BA2009D3083 /* AdminDeviceVC.swift in Sources */ = {isa = PBXBuildFile; fileRef = 8F733110231E9BA2009D3083 /* AdminDeviceVC.swift */; };
		8F733113231E9BB9009D3083 /* AdminEmpVC.swift in Sources */ = {isa = PBXBuildFile; fileRef = 8F733112231E9BB9009D3083 /* AdminEmpVC.swift */; };
		8F733115231E9C14009D3083 /* AvailableDeviceVC.swift in Sources */ = {isa = PBXBuildFile; fileRef = 8F733114231E9C14009D3083 /* AvailableDeviceVC.swift */; };
		8F733117231E9C29009D3083 /* AvailableDevice.storyboard in Resources */ = {isa = PBXBuildFile; fileRef = 8F733116231E9C29009D3083 /* AvailableDevice.storyboard */; };
		8F733119231E9C43009D3083 /* EditProfileVC.swift in Sources */ = {isa = PBXBuildFile; fileRef = 8F733118231E9C43009D3083 /* EditProfileVC.swift */; };
		8F73311B231E9C5B009D3083 /* EditProfile.storyboard in Resources */ = {isa = PBXBuildFile; fileRef = 8F73311A231E9C5A009D3083 /* EditProfile.storyboard */; };
		8F73311D231E9C86009D3083 /* HomeHistory.storyboard in Resources */ = {isa = PBXBuildFile; fileRef = 8F73311C231E9C86009D3083 /* HomeHistory.storyboard */; };
		8F73311F231E9CD0009D3083 /* HomeHistoryVC.swift in Sources */ = {isa = PBXBuildFile; fileRef = 8F73311E231E9CD0009D3083 /* HomeHistoryVC.swift */; };
		8F733121231EA9E4009D3083 /* BaseTVC.swift in Sources */ = {isa = PBXBuildFile; fileRef = 8F733120231EA9E4009D3083 /* BaseTVC.swift */; };
		8F733123231EA9FF009D3083 /* LoginCell.swift in Sources */ = {isa = PBXBuildFile; fileRef = 8F733122231EA9FF009D3083 /* LoginCell.swift */; };
		8F83BE0923211B7F00BA4428 /* GoogleService-Info.plist in Resources */ = {isa = PBXBuildFile; fileRef = 8F83BE0823211B7F00BA4428 /* GoogleService-Info.plist */; };
		8F83BE102321466100BA4428 /* GoogleSignIn.swift in Sources */ = {isa = PBXBuildFile; fileRef = 8F83BE0F2321466100BA4428 /* GoogleSignIn.swift */; };
		8FE824C8232226F9002FD8A6 /* FireBaseManager.swift in Sources */ = {isa = PBXBuildFile; fileRef = 8FE824C7232226F9002FD8A6 /* FireBaseManager.swift */; };
		8FE824CA23228555002FD8A6 /* DashBoardVC.swift in Sources */ = {isa = PBXBuildFile; fileRef = 8FE824C923228555002FD8A6 /* DashBoardVC.swift */; };
		C2F9254F0D973FE7CF85AAF9 /* Pods_DeviceManager.framework in Frameworks */ = {isa = PBXBuildFile; fileRef = 801D604D57D63D2C791D3F45 /* Pods_DeviceManager.framework */; };
/* End PBXBuildFile section */

/* Begin PBXFileReference section */
		1620D13A1469713F5F4BD5C0 /* Pods-DeviceManager.release.xcconfig */ = {isa = PBXFileReference; includeInIndex = 1; lastKnownFileType = text.xcconfig; name = "Pods-DeviceManager.release.xcconfig"; path = "Target Support Files/Pods-DeviceManager/Pods-DeviceManager.release.xcconfig"; sourceTree = "<group>"; };
		801D604D57D63D2C791D3F45 /* Pods_DeviceManager.framework */ = {isa = PBXFileReference; explicitFileType = wrapper.framework; includeInIndex = 0; path = Pods_DeviceManager.framework; sourceTree = BUILT_PRODUCTS_DIR; };
		82904A0F6CC37A7C6B0CB400 /* Pods-DeviceManager.debug.xcconfig */ = {isa = PBXFileReference; includeInIndex = 1; lastKnownFileType = text.xcconfig; name = "Pods-DeviceManager.debug.xcconfig"; path = "Target Support Files/Pods-DeviceManager/Pods-DeviceManager.debug.xcconfig"; sourceTree = "<group>"; };
		8F07FD71231F7CFF00DC3634 /* LoginModel.swift */ = {isa = PBXFileReference; lastKnownFileType = sourcecode.swift; path = LoginModel.swift; sourceTree = "<group>"; };
		8F07FD73231F7D3C00DC3634 /* LoginVM.swift */ = {isa = PBXFileReference; lastKnownFileType = sourcecode.swift; path = LoginVM.swift; sourceTree = "<group>"; };
		8F07FD75231FF8FE00DC3634 /* CustomTextField.swift */ = {isa = PBXFileReference; lastKnownFileType = sourcecode.swift; path = CustomTextField.swift; sourceTree = "<group>"; };
		8F07FD77231FF93300DC3634 /* Extension+String.swift */ = {isa = PBXFileReference; lastKnownFileType = sourcecode.swift; path = "Extension+String.swift"; sourceTree = "<group>"; };
		8F07FD792320077400DC3634 /* BaseCVC.swift */ = {isa = PBXFileReference; lastKnownFileType = sourcecode.swift; path = BaseCVC.swift; sourceTree = "<group>"; };
		8F07FD7B2320079700DC3634 /* OnBoardingCVC.swift */ = {isa = PBXFileReference; lastKnownFileType = sourcecode.swift; path = OnBoardingCVC.swift; sourceTree = "<group>"; };
		8F1063742320D052001330AB /* OnBoardingVM.swift */ = {isa = PBXFileReference; lastKnownFileType = sourcecode.swift; path = OnBoardingVM.swift; sourceTree = "<group>"; };
		8F1063762320D07A001330AB /* OnBoardingModel.swift */ = {isa = PBXFileReference; lastKnownFileType = sourcecode.swift; path = OnBoardingModel.swift; sourceTree = "<group>"; };
		8F131B7D231E7E3200509249 /* DeviceManager.app */ = {isa = PBXFileReference; explicitFileType = wrapper.application; includeInIndex = 0; path = DeviceManager.app; sourceTree = BUILT_PRODUCTS_DIR; };
		8F131B80231E7E3200509249 /* AppDelegate.swift */ = {isa = PBXFileReference; lastKnownFileType = sourcecode.swift; path = AppDelegate.swift; sourceTree = "<group>"; };
		8F131B82231E7E3200509249 /* OnBoardingVC.swift */ = {isa = PBXFileReference; lastKnownFileType = sourcecode.swift; path = OnBoardingVC.swift; sourceTree = "<group>"; };
		8F131B87231E7E3300509249 /* Assets.xcassets */ = {isa = PBXFileReference; lastKnownFileType = folder.assetcatalog; path = Assets.xcassets; sourceTree = "<group>"; };
		8F131B8A231E7E3300509249 /* Base */ = {isa = PBXFileReference; lastKnownFileType = file.storyboard; name = Base; path = Base.lproj/LaunchScreen.storyboard; sourceTree = "<group>"; };
		8F131B8C231E7E3300509249 /* Info.plist */ = {isa = PBXFileReference; lastKnownFileType = text.plist.xml; path = Info.plist; sourceTree = "<group>"; };
		8F131B94231E808E00509249 /* BaseVC.swift */ = {isa = PBXFileReference; lastKnownFileType = sourcecode.swift; path = BaseVC.swift; sourceTree = "<group>"; };
		8F131B9A231E849000509249 /* Login.storyboard */ = {isa = PBXFileReference; lastKnownFileType = file.storyboard; path = Login.storyboard; sourceTree = "<group>"; };
		8F131B9C231E853500509249 /* LoginVC.swift */ = {isa = PBXFileReference; lastKnownFileType = sourcecode.swift; path = LoginVC.swift; sourceTree = "<group>"; };
		8F131BA2231E85B900509249 /* ProfileVC.swift */ = {isa = PBXFileReference; lastKnownFileType = sourcecode.swift; path = ProfileVC.swift; sourceTree = "<group>"; };
		8F131BAA231E92AB00509249 /* HomeVC.swift */ = {isa = PBXFileReference; lastKnownFileType = sourcecode.swift; name = HomeVC.swift; path = ../../../HomeVC.swift; sourceTree = "<group>"; };
		8F131BB1231E9B4700509249 /* AdminDevice.storyboard */ = {isa = PBXFileReference; lastKnownFileType = file.storyboard; path = AdminDevice.storyboard; sourceTree = "<group>"; };
		8F7271EC232617CD0030519A /* CurrentDevicesCell.swift */ = {isa = PBXFileReference; fileEncoding = 4; lastKnownFileType = sourcecode.swift; path = CurrentDevicesCell.swift; sourceTree = "<group>"; };
		8F7271ED232617CE0030519A /* LogoutCell.swift */ = {isa = PBXFileReference; fileEncoding = 4; lastKnownFileType = sourcecode.swift; path = LogoutCell.swift; sourceTree = "<group>"; };
		8F7271EE232617CE0030519A /* ProfileImageCell.swift */ = {isa = PBXFileReference; fileEncoding = 4; lastKnownFileType = sourcecode.swift; path = ProfileImageCell.swift; sourceTree = "<group>"; };
		8F7271EF232617CE0030519A /* NotificationPreferencesCell.swift */ = {isa = PBXFileReference; fileEncoding = 4; lastKnownFileType = sourcecode.swift; path = NotificationPreferencesCell.swift; sourceTree = "<group>"; };
		8F7271F4232618230030519A /* Dashboard.storyboard */ = {isa = PBXFileReference; fileEncoding = 4; lastKnownFileType = file.storyboard; name = Dashboard.storyboard; path = ../../../../../../Desktop/DeviceManager1/DeviceManager/View/DashBoard/Dashboard.storyboard; sourceTree = "<group>"; };
		8F7271F623263A050030519A /* Main.storyboard */ = {isa = PBXFileReference; fileEncoding = 4; lastKnownFileType = file.storyboard; path = Main.storyboard; sourceTree = "<group>"; };
		8F7271FE23264D410030519A /* HomeCell.swift */ = {isa = PBXFileReference; lastKnownFileType = sourcecode.swift; path = HomeCell.swift; sourceTree = "<group>"; };
		8F72720023265A7E0030519A /* ProfileTVCell.swift */ = {isa = PBXFileReference; lastKnownFileType = sourcecode.swift; path = ProfileTVCell.swift; sourceTree = "<group>"; };
		8F73310E231E9B8D009D3083 /* AdminEmployee.storyboard */ = {isa = PBXFileReference; lastKnownFileType = file.storyboard; path = AdminEmployee.storyboard; sourceTree = "<group>"; };
		8F733110231E9BA2009D3083 /* AdminDeviceVC.swift */ = {isa = PBXFileReference; lastKnownFileType = sourcecode.swift; path = AdminDeviceVC.swift; sourceTree = "<group>"; };
		8F733112231E9BB9009D3083 /* AdminEmpVC.swift */ = {isa = PBXFileReference; lastKnownFileType = sourcecode.swift; path = AdminEmpVC.swift; sourceTree = "<group>"; };
		8F733114231E9C14009D3083 /* AvailableDeviceVC.swift */ = {isa = PBXFileReference; lastKnownFileType = sourcecode.swift; path = AvailableDeviceVC.swift; sourceTree = "<group>"; };
		8F733116231E9C29009D3083 /* AvailableDevice.storyboard */ = {isa = PBXFileReference; lastKnownFileType = file.storyboard; path = AvailableDevice.storyboard; sourceTree = "<group>"; };
		8F733118231E9C43009D3083 /* EditProfileVC.swift */ = {isa = PBXFileReference; lastKnownFileType = sourcecode.swift; path = EditProfileVC.swift; sourceTree = "<group>"; };
		8F73311A231E9C5A009D3083 /* EditProfile.storyboard */ = {isa = PBXFileReference; lastKnownFileType = file.storyboard; path = EditProfile.storyboard; sourceTree = "<group>"; };
		8F73311C231E9C86009D3083 /* HomeHistory.storyboard */ = {isa = PBXFileReference; lastKnownFileType = file.storyboard; path = HomeHistory.storyboard; sourceTree = "<group>"; };
		8F73311E231E9CD0009D3083 /* HomeHistoryVC.swift */ = {isa = PBXFileReference; lastKnownFileType = sourcecode.swift; path = HomeHistoryVC.swift; sourceTree = "<group>"; };
		8F733120231EA9E4009D3083 /* BaseTVC.swift */ = {isa = PBXFileReference; lastKnownFileType = sourcecode.swift; path = BaseTVC.swift; sourceTree = "<group>"; };
		8F733122231EA9FF009D3083 /* LoginCell.swift */ = {isa = PBXFileReference; lastKnownFileType = sourcecode.swift; path = LoginCell.swift; sourceTree = "<group>"; };
		8F83BE0823211B7F00BA4428 /* GoogleService-Info.plist */ = {isa = PBXFileReference; fileEncoding = 4; lastKnownFileType = text.plist.xml; path = "GoogleService-Info.plist"; sourceTree = "<group>"; };
		8F83BE0F2321466100BA4428 /* GoogleSignIn.swift */ = {isa = PBXFileReference; lastKnownFileType = sourcecode.swift; path = GoogleSignIn.swift; sourceTree = "<group>"; };
		8FE824C7232226F9002FD8A6 /* FireBaseManager.swift */ = {isa = PBXFileReference; lastKnownFileType = sourcecode.swift; path = FireBaseManager.swift; sourceTree = "<group>"; };
		8FE824C923228555002FD8A6 /* DashBoardVC.swift */ = {isa = PBXFileReference; lastKnownFileType = sourcecode.swift; path = DashBoardVC.swift; sourceTree = "<group>"; };
/* End PBXFileReference section */

/* Begin PBXFrameworksBuildPhase section */
		8F131B7A231E7E3200509249 /* Frameworks */ = {
			isa = PBXFrameworksBuildPhase;
			buildActionMask = 2147483647;
			files = (
				C2F9254F0D973FE7CF85AAF9 /* Pods_DeviceManager.framework in Frameworks */,
			);
			runOnlyForDeploymentPostprocessing = 0;
		};
/* End PBXFrameworksBuildPhase section */

/* Begin PBXGroup section */
		8F07140223221032007839C7 /* Login  */ = {
			isa = PBXGroup;
			children = (
				8F131B9A231E849000509249 /* Login.storyboard */,
				8F733122231EA9FF009D3083 /* LoginCell.swift */,
				8F131B9C231E853500509249 /* LoginVC.swift */,
			);
			path = "Login ";
			sourceTree = "<group>";
		};
		8F131B74231E7E3200509249 = {
			isa = PBXGroup;
			children = (
				8F131B7F231E7E3200509249 /* DeviceManager */,
				8F131B7E231E7E3200509249 /* Products */,
				FE86D08C76F9038F65578881 /* Pods */,
				D1F2E8CF12B981F65EB300CC /* Frameworks */,
			);
			sourceTree = "<group>";
		};
		8F131B7E231E7E3200509249 /* Products */ = {
			isa = PBXGroup;
			children = (
				8F131B7D231E7E3200509249 /* DeviceManager.app */,
			);
			name = Products;
			sourceTree = "<group>";
		};
		8F131B7F231E7E3200509249 /* DeviceManager */ = {
			isa = PBXGroup;
			children = (
				8F83BE0823211B7F00BA4428 /* GoogleService-Info.plist */,
				8F131B80231E7E3200509249 /* AppDelegate.swift */,
				8F131B98231E81C500509249 /* View-Model */,
				8F131B97231E81BD00509249 /* View */,
				8F131B96231E81AF00509249 /* Model */,
				8F131B87231E7E3300509249 /* Assets.xcassets */,
				8F131B8C231E7E3300509249 /* Info.plist */,
			);
			path = DeviceManager;
			sourceTree = "<group>";
		};
		8F131B96231E81AF00509249 /* Model */ = {
			isa = PBXGroup;
			children = (
				8F07FD71231F7CFF00DC3634 /* LoginModel.swift */,
				8F1063762320D07A001330AB /* OnBoardingModel.swift */,
			);
			path = Model;
			sourceTree = "<group>";
		};
		8F131B97231E81BD00509249 /* View */ = {
			isa = PBXGroup;
			children = (
				8F131B89231E7E3300509249 /* LaunchScreen.storyboard */,
				8F07FD75231FF8FE00DC3634 /* CustomTextField.swift */,
				8F07FD77231FF93300DC3634 /* Extension+String.swift */,
				8F07FD792320077400DC3634 /* BaseCVC.swift */,
				8F131B94231E808E00509249 /* BaseVC.swift */,
				8F733120231EA9E4009D3083 /* BaseTVC.swift */,
				8FAF4DB0232394A200CA3BA2 /* DashBoard */,
				8F83BE112321603800BA4428 /* OnBoarding */,
				8F07140223221032007839C7 /* Login  */,
			);
			path = View;
			sourceTree = "<group>";
		};
		8F131B98231E81C500509249 /* View-Model */ = {
			isa = PBXGroup;
			children = (
				8F07FD73231F7D3C00DC3634 /* LoginVM.swift */,
				8F1063742320D052001330AB /* OnBoardingVM.swift */,
				8FE824C7232226F9002FD8A6 /* FireBaseManager.swift */,
				8F83BE0F2321466100BA4428 /* GoogleSignIn.swift */,
			);
			path = "View-Model";
			sourceTree = "<group>";
		};
		8F7271F823264B1E0030519A /* Profile */ = {
			isa = PBXGroup;
			children = (
				8F131BA2231E85B900509249 /* ProfileVC.swift */,
				8F72720023265A7E0030519A /* ProfileTVCell.swift */,
				8F7271ED232617CE0030519A /* LogoutCell.swift */,
				8F7271EF232617CE0030519A /* NotificationPreferencesCell.swift */,
				8F7271EE232617CE0030519A /* ProfileImageCell.swift */,
				8F7271EC232617CD0030519A /* CurrentDevicesCell.swift */,
				8F733110231E9BA2009D3083 /* AdminDeviceVC.swift */,
				8F131BB1231E9B4700509249 /* AdminDevice.storyboard */,
				8F733118231E9C43009D3083 /* EditProfileVC.swift */,
				8F733114231E9C14009D3083 /* AvailableDeviceVC.swift */,
				8F733116231E9C29009D3083 /* AvailableDevice.storyboard */,
				8F733112231E9BB9009D3083 /* AdminEmpVC.swift */,
				8F73310E231E9B8D009D3083 /* AdminEmployee.storyboard */,
				8F73311A231E9C5A009D3083 /* EditProfile.storyboard */,
				8F7271FB23264BC60030519A /* Home */,
			);
			path = Profile;
			sourceTree = "<group>";
		};
		8F7271FB23264BC60030519A /* Home */ = {
			isa = PBXGroup;
			children = (
				8F73311E231E9CD0009D3083 /* HomeHistoryVC.swift */,
				8F131BAA231E92AB00509249 /* HomeVC.swift */,
				8F7271FE23264D410030519A /* HomeCell.swift */,
				8F73311C231E9C86009D3083 /* HomeHistory.storyboard */,
			);
			path = Home;
			sourceTree = "<group>";
		};
		8F83BE112321603800BA4428 /* OnBoarding */ = {
			isa = PBXGroup;
			children = (
				8F7271F623263A050030519A /* Main.storyboard */,
				8F131B82231E7E3200509249 /* OnBoardingVC.swift */,
				8F07FD7B2320079700DC3634 /* OnBoardingCVC.swift */,
			);
			path = OnBoarding;
			sourceTree = "<group>";
		};
		8FAF4DB0232394A200CA3BA2 /* DashBoard */ = {
			isa = PBXGroup;
			children = (
				8FE824C923228555002FD8A6 /* DashBoardVC.swift */,
				8F7271F4232618230030519A /* Dashboard.storyboard */,
				8F7271F823264B1E0030519A /* Profile */,
			);
			path = DashBoard;
			sourceTree = "<group>";
		};
		D1F2E8CF12B981F65EB300CC /* Frameworks */ = {
			isa = PBXGroup;
			children = (
				801D604D57D63D2C791D3F45 /* Pods_DeviceManager.framework */,
			);
			name = Frameworks;
			sourceTree = "<group>";
		};
		FE86D08C76F9038F65578881 /* Pods */ = {
			isa = PBXGroup;
			children = (
				82904A0F6CC37A7C6B0CB400 /* Pods-DeviceManager.debug.xcconfig */,
				1620D13A1469713F5F4BD5C0 /* Pods-DeviceManager.release.xcconfig */,
			);
			path = Pods;
			sourceTree = "<group>";
		};
/* End PBXGroup section */

/* Begin PBXNativeTarget section */
		8F131B7C231E7E3200509249 /* DeviceManager */ = {
			isa = PBXNativeTarget;
			buildConfigurationList = 8F131B8F231E7E3300509249 /* Build configuration list for PBXNativeTarget "DeviceManager" */;
			buildPhases = (
				FE3E1EBE8A5F03D566F8C0E8 /* [CP] Check Pods Manifest.lock */,
				8F131B79231E7E3200509249 /* Sources */,
				8F131B7A231E7E3200509249 /* Frameworks */,
				8F131B7B231E7E3200509249 /* Resources */,
				8F131BB0231E98CF00509249 /* ShellScript */,
				91A9C0A99364AF319EA49839 /* [CP] Embed Pods Frameworks */,
				1D2FC617B0F107E75ADDC7F6 /* [CP] Copy Pods Resources */,
			);
			buildRules = (
			);
			dependencies = (
			);
			name = DeviceManager;
			productName = DeviceManager;
			productReference = 8F131B7D231E7E3200509249 /* DeviceManager.app */;
			productType = "com.apple.product-type.application";
		};
/* End PBXNativeTarget section */

/* Begin PBXProject section */
		8F131B75231E7E3200509249 /* Project object */ = {
			isa = PBXProject;
			attributes = {
				LastSwiftUpdateCheck = 1030;
				LastUpgradeCheck = 1030;
				ORGANIZATIONNAME = "Karthik UK";
				TargetAttributes = {
					8F131B7C231E7E3200509249 = {
						CreatedOnToolsVersion = 10.3;
					};
				};
			};
			buildConfigurationList = 8F131B78231E7E3200509249 /* Build configuration list for PBXProject "DeviceManager" */;
			compatibilityVersion = "Xcode 9.3";
			developmentRegion = en;
			hasScannedForEncodings = 0;
			knownRegions = (
				en,
				Base,
			);
			mainGroup = 8F131B74231E7E3200509249;
			productRefGroup = 8F131B7E231E7E3200509249 /* Products */;
			projectDirPath = "";
			projectRoot = "";
			targets = (
				8F131B7C231E7E3200509249 /* DeviceManager */,
			);
		};
/* End PBXProject section */

/* Begin PBXResourcesBuildPhase section */
		8F131B7B231E7E3200509249 /* Resources */ = {
			isa = PBXResourcesBuildPhase;
			buildActionMask = 2147483647;
			files = (
				8F73310F231E9B8D009D3083 /* AdminEmployee.storyboard in Resources */,
				8F131B9B231E849000509249 /* Login.storyboard in Resources */,
				8F83BE0923211B7F00BA4428 /* GoogleService-Info.plist in Resources */,
				8F73311B231E9C5B009D3083 /* EditProfile.storyboard in Resources */,
				8F733117231E9C29009D3083 /* AvailableDevice.storyboard in Resources */,
				8F7271F5232618230030519A /* Dashboard.storyboard in Resources */,
				8F73311D231E9C86009D3083 /* HomeHistory.storyboard in Resources */,
				8F7271F723263A050030519A /* Main.storyboard in Resources */,
				8F131B8B231E7E3300509249 /* LaunchScreen.storyboard in Resources */,
				8F131B88231E7E3300509249 /* Assets.xcassets in Resources */,
				8F131BB2231E9B4700509249 /* AdminDevice.storyboard in Resources */,
			);
			runOnlyForDeploymentPostprocessing = 0;
		};
/* End PBXResourcesBuildPhase section */

/* Begin PBXShellScriptBuildPhase section */
		1D2FC617B0F107E75ADDC7F6 /* [CP] Copy Pods Resources */ = {
			isa = PBXShellScriptBuildPhase;
			buildActionMask = 2147483647;
			files = (
			);
			inputFileListPaths = (
				"${PODS_ROOT}/Target Support Files/Pods-DeviceManager/Pods-DeviceManager-resources-${CONFIGURATION}-input-files.xcfilelist",
			);
			name = "[CP] Copy Pods Resources";
			outputFileListPaths = (
				"${PODS_ROOT}/Target Support Files/Pods-DeviceManager/Pods-DeviceManager-resources-${CONFIGURATION}-output-files.xcfilelist",
			);
			runOnlyForDeploymentPostprocessing = 0;
			shellPath = /bin/sh;
			shellScript = "\"${PODS_ROOT}/Target Support Files/Pods-DeviceManager/Pods-DeviceManager-resources.sh\"\n";
			showEnvVarsInLog = 0;
		};
		8F131BB0231E98CF00509249 /* ShellScript */ = {
			isa = PBXShellScriptBuildPhase;
			buildActionMask = 2147483647;
			files = (
			);
			inputFileListPaths = (
			);
			inputPaths = (
			);
			outputFileListPaths = (
			);
			outputPaths = (
			);
			runOnlyForDeploymentPostprocessing = 0;
			shellPath = /bin/sh;
			shellScript = "if which swiftlint >/dev/null; then\nswiftlint\nelse\necho \"warning: SwiftLint not installed, download from https://github.com/realm/SwiftLint\"\nfi\n\n\n";
		};
		91A9C0A99364AF319EA49839 /* [CP] Embed Pods Frameworks */ = {
			isa = PBXShellScriptBuildPhase;
			buildActionMask = 2147483647;
			files = (
			);
			inputFileListPaths = (
				"${PODS_ROOT}/Target Support Files/Pods-DeviceManager/Pods-DeviceManager-frameworks-${CONFIGURATION}-input-files.xcfilelist",
			);
			name = "[CP] Embed Pods Frameworks";
			outputFileListPaths = (
				"${PODS_ROOT}/Target Support Files/Pods-DeviceManager/Pods-DeviceManager-frameworks-${CONFIGURATION}-output-files.xcfilelist",
			);
			runOnlyForDeploymentPostprocessing = 0;
			shellPath = /bin/sh;
			shellScript = "\"${PODS_ROOT}/Target Support Files/Pods-DeviceManager/Pods-DeviceManager-frameworks.sh\"\n";
			showEnvVarsInLog = 0;
		};
		FE3E1EBE8A5F03D566F8C0E8 /* [CP] Check Pods Manifest.lock */ = {
			isa = PBXShellScriptBuildPhase;
			buildActionMask = 2147483647;
			files = (
			);
			inputFileListPaths = (
			);
			inputPaths = (
				"${PODS_PODFILE_DIR_PATH}/Podfile.lock",
				"${PODS_ROOT}/Manifest.lock",
			);
			name = "[CP] Check Pods Manifest.lock";
			outputFileListPaths = (
			);
			outputPaths = (
				"$(DERIVED_FILE_DIR)/Pods-DeviceManager-checkManifestLockResult.txt",
			);
			runOnlyForDeploymentPostprocessing = 0;
			shellPath = /bin/sh;
			shellScript = "diff \"${PODS_PODFILE_DIR_PATH}/Podfile.lock\" \"${PODS_ROOT}/Manifest.lock\" > /dev/null\nif [ $? != 0 ] ; then\n    # print error to STDERR\n    echo \"error: The sandbox is not in sync with the Podfile.lock. Run 'pod install' or update your CocoaPods installation.\" >&2\n    exit 1\nfi\n# This output is used by Xcode 'outputs' to avoid re-running this script phase.\necho \"SUCCESS\" > \"${SCRIPT_OUTPUT_FILE_0}\"\n";
			showEnvVarsInLog = 0;
		};
/* End PBXShellScriptBuildPhase section */

/* Begin PBXSourcesBuildPhase section */
		8F131B79231E7E3200509249 /* Sources */ = {
			isa = PBXSourcesBuildPhase;
			buildActionMask = 2147483647;
			files = (
				8F7271F3232617CE0030519A /* NotificationPreferencesCell.swift in Sources */,
				8FE824C8232226F9002FD8A6 /* FireBaseManager.swift in Sources */,
				8F131B83231E7E3200509249 /* OnBoardingVC.swift in Sources */,
				8F131BAB231E92AB00509249 /* HomeVC.swift in Sources */,
				8F733123231EA9FF009D3083 /* LoginCell.swift in Sources */,
				8F07FD7C2320079700DC3634 /* OnBoardingCVC.swift in Sources */,
				8F7271F0232617CE0030519A /* CurrentDevicesCell.swift in Sources */,
				8F1063772320D07A001330AB /* OnBoardingModel.swift in Sources */,
				8F733115231E9C14009D3083 /* AvailableDeviceVC.swift in Sources */,
				8F07FD78231FF93300DC3634 /* Extension+String.swift in Sources */,
				8F1063752320D052001330AB /* OnBoardingVM.swift in Sources */,
				8F72720123265A7E0030519A /* ProfileTVCell.swift in Sources */,
				8F7271F2232617CE0030519A /* ProfileImageCell.swift in Sources */,
				8F07FD72231F7CFF00DC3634 /* LoginModel.swift in Sources */,
				8F733113231E9BB9009D3083 /* AdminEmpVC.swift in Sources */,
				8F131BA3231E85B900509249 /* ProfileVC.swift in Sources */,
				8F07FD76231FF8FE00DC3634 /* CustomTextField.swift in Sources */,
				8F733111231E9BA2009D3083 /* AdminDeviceVC.swift in Sources */,
				8F131B95231E808E00509249 /* BaseVC.swift in Sources */,
				8F733121231EA9E4009D3083 /* BaseTVC.swift in Sources */,
				8F131B9D231E853500509249 /* LoginVC.swift in Sources */,
				8F131B81231E7E3200509249 /* AppDelegate.swift in Sources */,
				8F733119231E9C43009D3083 /* EditProfileVC.swift in Sources */,
				8FE824CA23228555002FD8A6 /* DashBoardVC.swift in Sources */,
				8F83BE102321466100BA4428 /* GoogleSignIn.swift in Sources */,
				8F7271F1232617CE0030519A /* LogoutCell.swift in Sources */,
				8F7271FF23264D410030519A /* HomeCell.swift in Sources */,
				8F73311F231E9CD0009D3083 /* HomeHistoryVC.swift in Sources */,
				8F07FD74231F7D3C00DC3634 /* LoginVM.swift in Sources */,
				8F07FD7A2320077400DC3634 /* BaseCVC.swift in Sources */,
			);
			runOnlyForDeploymentPostprocessing = 0;
		};
/* End PBXSourcesBuildPhase section */

/* Begin PBXVariantGroup section */
		8F131B89231E7E3300509249 /* LaunchScreen.storyboard */ = {
			isa = PBXVariantGroup;
			children = (
				8F131B8A231E7E3300509249 /* Base */,
			);
			name = LaunchScreen.storyboard;
			sourceTree = "<group>";
		};
/* End PBXVariantGroup section */

/* Begin XCBuildConfiguration section */
		8F131B8D231E7E3300509249 /* Debug */ = {
			isa = XCBuildConfiguration;
			buildSettings = {
				ALWAYS_SEARCH_USER_PATHS = NO;
				CLANG_ANALYZER_NONNULL = YES;
				CLANG_ANALYZER_NUMBER_OBJECT_CONVERSION = YES_AGGRESSIVE;
				CLANG_CXX_LANGUAGE_STANDARD = "gnu++14";
				CLANG_CXX_LIBRARY = "libc++";
				CLANG_ENABLE_MODULES = YES;
				CLANG_ENABLE_OBJC_ARC = YES;
				CLANG_ENABLE_OBJC_WEAK = YES;
				CLANG_WARN_BLOCK_CAPTURE_AUTORELEASING = YES;
				CLANG_WARN_BOOL_CONVERSION = YES;
				CLANG_WARN_COMMA = YES;
				CLANG_WARN_CONSTANT_CONVERSION = YES;
				CLANG_WARN_DEPRECATED_OBJC_IMPLEMENTATIONS = YES;
				CLANG_WARN_DIRECT_OBJC_ISA_USAGE = YES_ERROR;
				CLANG_WARN_DOCUMENTATION_COMMENTS = YES;
				CLANG_WARN_EMPTY_BODY = YES;
				CLANG_WARN_ENUM_CONVERSION = YES;
				CLANG_WARN_INFINITE_RECURSION = YES;
				CLANG_WARN_INT_CONVERSION = YES;
				CLANG_WARN_NON_LITERAL_NULL_CONVERSION = YES;
				CLANG_WARN_OBJC_IMPLICIT_RETAIN_SELF = YES;
				CLANG_WARN_OBJC_LITERAL_CONVERSION = YES;
				CLANG_WARN_OBJC_ROOT_CLASS = YES_ERROR;
				CLANG_WARN_RANGE_LOOP_ANALYSIS = YES;
				CLANG_WARN_STRICT_PROTOTYPES = YES;
				CLANG_WARN_SUSPICIOUS_MOVE = YES;
				CLANG_WARN_UNGUARDED_AVAILABILITY = YES_AGGRESSIVE;
				CLANG_WARN_UNREACHABLE_CODE = YES;
				CLANG_WARN__DUPLICATE_METHOD_MATCH = YES;
				CODE_SIGN_IDENTITY = "iPhone Developer";
				COPY_PHASE_STRIP = NO;
				DEBUG_INFORMATION_FORMAT = dwarf;
				ENABLE_STRICT_OBJC_MSGSEND = YES;
				ENABLE_TESTABILITY = YES;
				GCC_C_LANGUAGE_STANDARD = gnu11;
				GCC_DYNAMIC_NO_PIC = NO;
				GCC_NO_COMMON_BLOCKS = YES;
				GCC_OPTIMIZATION_LEVEL = 0;
				GCC_PREPROCESSOR_DEFINITIONS = (
					"DEBUG=1",
					"$(inherited)",
				);
				GCC_WARN_64_TO_32_BIT_CONVERSION = YES;
				GCC_WARN_ABOUT_RETURN_TYPE = YES_ERROR;
				GCC_WARN_UNDECLARED_SELECTOR = YES;
				GCC_WARN_UNINITIALIZED_AUTOS = YES_AGGRESSIVE;
				GCC_WARN_UNUSED_FUNCTION = YES;
				GCC_WARN_UNUSED_VARIABLE = YES;
				IPHONEOS_DEPLOYMENT_TARGET = 12.4;
				MTL_ENABLE_DEBUG_INFO = INCLUDE_SOURCE;
				MTL_FAST_MATH = YES;
				ONLY_ACTIVE_ARCH = YES;
				SDKROOT = iphoneos;
				SWIFT_ACTIVE_COMPILATION_CONDITIONS = DEBUG;
				SWIFT_OPTIMIZATION_LEVEL = "-Onone";
			};
			name = Debug;
		};
		8F131B8E231E7E3300509249 /* Release */ = {
			isa = XCBuildConfiguration;
			buildSettings = {
				ALWAYS_SEARCH_USER_PATHS = NO;
				CLANG_ANALYZER_NONNULL = YES;
				CLANG_ANALYZER_NUMBER_OBJECT_CONVERSION = YES_AGGRESSIVE;
				CLANG_CXX_LANGUAGE_STANDARD = "gnu++14";
				CLANG_CXX_LIBRARY = "libc++";
				CLANG_ENABLE_MODULES = YES;
				CLANG_ENABLE_OBJC_ARC = YES;
				CLANG_ENABLE_OBJC_WEAK = YES;
				CLANG_WARN_BLOCK_CAPTURE_AUTORELEASING = YES;
				CLANG_WARN_BOOL_CONVERSION = YES;
				CLANG_WARN_COMMA = YES;
				CLANG_WARN_CONSTANT_CONVERSION = YES;
				CLANG_WARN_DEPRECATED_OBJC_IMPLEMENTATIONS = YES;
				CLANG_WARN_DIRECT_OBJC_ISA_USAGE = YES_ERROR;
				CLANG_WARN_DOCUMENTATION_COMMENTS = YES;
				CLANG_WARN_EMPTY_BODY = YES;
				CLANG_WARN_ENUM_CONVERSION = YES;
				CLANG_WARN_INFINITE_RECURSION = YES;
				CLANG_WARN_INT_CONVERSION = YES;
				CLANG_WARN_NON_LITERAL_NULL_CONVERSION = YES;
				CLANG_WARN_OBJC_IMPLICIT_RETAIN_SELF = YES;
				CLANG_WARN_OBJC_LITERAL_CONVERSION = YES;
				CLANG_WARN_OBJC_ROOT_CLASS = YES_ERROR;
				CLANG_WARN_RANGE_LOOP_ANALYSIS = YES;
				CLANG_WARN_STRICT_PROTOTYPES = YES;
				CLANG_WARN_SUSPICIOUS_MOVE = YES;
				CLANG_WARN_UNGUARDED_AVAILABILITY = YES_AGGRESSIVE;
				CLANG_WARN_UNREACHABLE_CODE = YES;
				CLANG_WARN__DUPLICATE_METHOD_MATCH = YES;
				CODE_SIGN_IDENTITY = "iPhone Developer";
				COPY_PHASE_STRIP = NO;
				DEBUG_INFORMATION_FORMAT = "dwarf-with-dsym";
				ENABLE_NS_ASSERTIONS = NO;
				ENABLE_STRICT_OBJC_MSGSEND = YES;
				GCC_C_LANGUAGE_STANDARD = gnu11;
				GCC_NO_COMMON_BLOCKS = YES;
				GCC_WARN_64_TO_32_BIT_CONVERSION = YES;
				GCC_WARN_ABOUT_RETURN_TYPE = YES_ERROR;
				GCC_WARN_UNDECLARED_SELECTOR = YES;
				GCC_WARN_UNINITIALIZED_AUTOS = YES_AGGRESSIVE;
				GCC_WARN_UNUSED_FUNCTION = YES;
				GCC_WARN_UNUSED_VARIABLE = YES;
				IPHONEOS_DEPLOYMENT_TARGET = 12.4;
				MTL_ENABLE_DEBUG_INFO = NO;
				MTL_FAST_MATH = YES;
				SDKROOT = iphoneos;
				SWIFT_COMPILATION_MODE = wholemodule;
				SWIFT_OPTIMIZATION_LEVEL = "-O";
				VALIDATE_PRODUCT = YES;
			};
			name = Release;
		};
		8F131B90231E7E3300509249 /* Debug */ = {
			isa = XCBuildConfiguration;
			baseConfigurationReference = 82904A0F6CC37A7C6B0CB400 /* Pods-DeviceManager.debug.xcconfig */;
			buildSettings = {
				ASSETCATALOG_COMPILER_APPICON_NAME = AppIcon;
				CODE_SIGN_STYLE = Automatic;
				INFOPLIST_FILE = DeviceManager/Info.plist;
				LD_RUNPATH_SEARCH_PATHS = (
					"$(inherited)",
					"@executable_path/Frameworks",
				);
				PRODUCT_BUNDLE_IDENTIFIER = com.yml.DeviceManager;
				PRODUCT_NAME = "$(TARGET_NAME)";
				SWIFT_VERSION = 5.0;
				TARGETED_DEVICE_FAMILY = "1,2";
			};
			name = Debug;
		};
		8F131B91231E7E3300509249 /* Release */ = {
			isa = XCBuildConfiguration;
			baseConfigurationReference = 1620D13A1469713F5F4BD5C0 /* Pods-DeviceManager.release.xcconfig */;
			buildSettings = {
				ASSETCATALOG_COMPILER_APPICON_NAME = AppIcon;
				CODE_SIGN_STYLE = Automatic;
				INFOPLIST_FILE = DeviceManager/Info.plist;
				LD_RUNPATH_SEARCH_PATHS = (
					"$(inherited)",
					"@executable_path/Frameworks",
				);
				PRODUCT_BUNDLE_IDENTIFIER = com.yml.DeviceManager;
				PRODUCT_NAME = "$(TARGET_NAME)";
				SWIFT_VERSION = 5.0;
				TARGETED_DEVICE_FAMILY = "1,2";
			};
			name = Release;
		};
/* End XCBuildConfiguration section */

/* Begin XCConfigurationList section */
		8F131B78231E7E3200509249 /* Build configuration list for PBXProject "DeviceManager" */ = {
			isa = XCConfigurationList;
			buildConfigurations = (
				8F131B8D231E7E3300509249 /* Debug */,
				8F131B8E231E7E3300509249 /* Release */,
			);
			defaultConfigurationIsVisible = 0;
			defaultConfigurationName = Release;
		};
		8F131B8F231E7E3300509249 /* Build configuration list for PBXNativeTarget "DeviceManager" */ = {
			isa = XCConfigurationList;
			buildConfigurations = (
				8F131B90231E7E3300509249 /* Debug */,
				8F131B91231E7E3300509249 /* Release */,
			);
			defaultConfigurationIsVisible = 0;
			defaultConfigurationName = Release;
		};
/* End XCConfigurationList section */
	};
	rootObject = 8F131B75231E7E3200509249 /* Project object */;
}
